
Microsoft Visual Studio Solution File, Format Version 12.00
# Visual Studio Version 17
VisualStudioVersion = 17.12.35707.178 d17.12
MinimumVisualStudioVersion = 10.0.40219.1
Project("{FAE04EC0-301F-11D3-BF4B-00C04F79EFBC}") = "Armstrong_Number", "Armstrong_Number\Armstrong_Number.csproj", "{52F41167-53E7-49EF-9595-83F20B9AB166}"
EndProject
Global
	GlobalSection(SolutionConfigurationPlatforms) = preSolution
		Debug|Any CPU = Debug|Any CPU
		Release|Any CPU = Release|Any CPU
	EndGlobalSection
	GlobalSection(ProjectConfigurationPlatforms) = postSolution
		{52F41167-53E7-49EF-9595-83F20B9AB166}.Debug|Any CPU.ActiveCfg = Debug|Any CPU
		{52F41167-53E7-49EF-9595-83F20B9AB166}.Debug|Any CPU.Build.0 = Debug|Any CPU
		{52F41167-53E7-49EF-9595-83F20B9AB166}.Release|Any CPU.ActiveCfg = Release|Any CPU
		{52F41167-53E7-49EF-9595-83F20B9AB166}.Release|Any CPU.Build.0 = Release|Any CPU
	EndGlobalSection
	GlobalSection(SolutionProperties) = preSolution
		HideSolutionNode = FALSE
	EndGlobalSection
EndGlobal
